
Microsoft Visual Studio Solution File, Format Version 12.00
# Visual Studio Version 17
VisualStudioVersion = 17.0.31903.59
MinimumVisualStudioVersion = 10.0.40219.1
Project("{2150E333-8FDC-42A3-9474-1A3956D46DE8}") = "src", "src", "{827E0CD3-B72D-47B6-A68D-7590B98EB39B}"
EndProject
Project("{FAE04EC0-301F-11D3-BF4B-00C04F79EFBC}") = "OmniForge.Web", "src\OmniForge.Web\OmniForge.Web.csproj", "{94688719-ED94-496F-B04B-F9AB56661B90}"
EndProject
Project("{FAE04EC0-301F-11D3-BF4B-00C04F79EFBC}") = "OmniForge.Core", "src\OmniForge.Core\OmniForge.Core.csproj", "{0F10D663-9EF8-4D40-AADD-2895EBC1E668}"
EndProject
Project("{FAE04EC0-301F-11D3-BF4B-00C04F79EFBC}") = "OmniForge.Infrastructure", "src\OmniForge.Infrastructure\OmniForge.Infrastructure.csproj", "{4CB3423A-3D5A-4229-BEF5-2C13E25938F6}"
EndProject
Project("{2150E333-8FDC-42A3-9474-1A3956D46DE8}") = "tests", "tests", "{0AB3BF05-4346-4AA6-1389-037BE0695223}"
EndProject
Project("{FAE04EC0-301F-11D3-BF4B-00C04F79EFBC}") = "OmniForge.Tests", "tests\OmniForge.Tests\OmniForge.Tests.csproj", "{CBA6DC8A-612B-46DE-ACF8-53AEA291FF90}"
EndProject
Global
	GlobalSection(SolutionConfigurationPlatforms) = preSolution
		Debug|Any CPU = Debug|Any CPU
		Debug|x64 = Debug|x64
		Debug|x86 = Debug|x86
		Release|Any CPU = Release|Any CPU
		Release|x64 = Release|x64
		Release|x86 = Release|x86
	EndGlobalSection
	GlobalSection(ProjectConfigurationPlatforms) = postSolution
		{94688719-ED94-496F-B04B-F9AB56661B90}.Debug|Any CPU.ActiveCfg = Debug|Any CPU
		{94688719-ED94-496F-B04B-F9AB56661B90}.Debug|Any CPU.Build.0 = Debug|Any CPU
		{94688719-ED94-496F-B04B-F9AB56661B90}.Debug|x64.ActiveCfg = Debug|Any CPU
		{94688719-ED94-496F-B04B-F9AB56661B90}.Debug|x64.Build.0 = Debug|Any CPU
		{94688719-ED94-496F-B04B-F9AB56661B90}.Debug|x86.ActiveCfg = Debug|Any CPU
		{94688719-ED94-496F-B04B-F9AB56661B90}.Debug|x86.Build.0 = Debug|Any CPU
		{94688719-ED94-496F-B04B-F9AB56661B90}.Release|Any CPU.ActiveCfg = Release|Any CPU
		{94688719-ED94-496F-B04B-F9AB56661B90}.Release|Any CPU.Build.0 = Release|Any CPU
		{94688719-ED94-496F-B04B-F9AB56661B90}.Release|x64.ActiveCfg = Release|Any CPU
		{94688719-ED94-496F-B04B-F9AB56661B90}.Release|x64.Build.0 = Release|Any CPU
		{94688719-ED94-496F-B04B-F9AB56661B90}.Release|x86.ActiveCfg = Release|Any CPU
		{94688719-ED94-496F-B04B-F9AB56661B90}.Release|x86.Build.0 = Release|Any CPU
		{0F10D663-9EF8-4D40-AADD-2895EBC1E668}.Debug|Any CPU.ActiveCfg = Debug|Any CPU
		{0F10D663-9EF8-4D40-AADD-2895EBC1E668}.Debug|Any CPU.Build.0 = Debug|Any CPU
		{0F10D663-9EF8-4D40-AADD-2895EBC1E668}.Debug|x64.ActiveCfg = Debug|Any CPU
		{0F10D663-9EF8-4D40-AADD-2895EBC1E668}.Debug|x64.Build.0 = Debug|Any CPU
		{0F10D663-9EF8-4D40-AADD-2895EBC1E668}.Debug|x86.ActiveCfg = Debug|Any CPU
		{0F10D663-9EF8-4D40-AADD-2895EBC1E668}.Debug|x86.Build.0 = Debug|Any CPU
		{0F10D663-9EF8-4D40-AADD-2895EBC1E668}.Release|Any CPU.ActiveCfg = Release|Any CPU
		{0F10D663-9EF8-4D40-AADD-2895EBC1E668}.Release|Any CPU.Build.0 = Release|Any CPU
		{0F10D663-9EF8-4D40-AADD-2895EBC1E668}.Release|x64.ActiveCfg = Release|Any CPU
		{0F10D663-9EF8-4D40-AADD-2895EBC1E668}.Release|x64.Build.0 = Release|Any CPU
		{0F10D663-9EF8-4D40-AADD-2895EBC1E668}.Release|x86.ActiveCfg = Release|Any CPU
		{0F10D663-9EF8-4D40-AADD-2895EBC1E668}.Release|x86.Build.0 = Release|Any CPU
		{4CB3423A-3D5A-4229-BEF5-2C13E25938F6}.Debug|Any CPU.ActiveCfg = Debug|Any CPU
		{4CB3423A-3D5A-4229-BEF5-2C13E25938F6}.Debug|Any CPU.Build.0 = Debug|Any CPU
		{4CB3423A-3D5A-4229-BEF5-2C13E25938F6}.Debug|x64.ActiveCfg = Debug|Any CPU
		{4CB3423A-3D5A-4229-BEF5-2C13E25938F6}.Debug|x64.Build.0 = Debug|Any CPU
		{4CB3423A-3D5A-4229-BEF5-2C13E25938F6}.Debug|x86.ActiveCfg = Debug|Any CPU
		{4CB3423A-3D5A-4229-BEF5-2C13E25938F6}.Debug|x86.Build.0 = Debug|Any CPU
		{4CB3423A-3D5A-4229-BEF5-2C13E25938F6}.Release|Any CPU.ActiveCfg = Release|Any CPU
		{4CB3423A-3D5A-4229-BEF5-2C13E25938F6}.Release|Any CPU.Build.0 = Release|Any CPU
		{4CB3423A-3D5A-4229-BEF5-2C13E25938F6}.Release|x64.ActiveCfg = Release|Any CPU
		{4CB3423A-3D5A-4229-BEF5-2C13E25938F6}.Release|x64.Build.0 = Release|Any CPU
		{4CB3423A-3D5A-4229-BEF5-2C13E25938F6}.Release|x86.ActiveCfg = Release|Any CPU
		{4CB3423A-3D5A-4229-BEF5-2C13E25938F6}.Release|x86.Build.0 = Release|Any CPU
		{CBA6DC8A-612B-46DE-ACF8-53AEA291FF90}.Debug|Any CPU.ActiveCfg = Debug|Any CPU
		{CBA6DC8A-612B-46DE-ACF8-53AEA291FF90}.Debug|Any CPU.Build.0 = Debug|Any CPU
		{CBA6DC8A-612B-46DE-ACF8-53AEA291FF90}.Debug|x64.ActiveCfg = Debug|Any CPU
		{CBA6DC8A-612B-46DE-ACF8-53AEA291FF90}.Debug|x64.Build.0 = Debug|Any CPU
		{CBA6DC8A-612B-46DE-ACF8-53AEA291FF90}.Debug|x86.ActiveCfg = Debug|Any CPU
		{CBA6DC8A-612B-46DE-ACF8-53AEA291FF90}.Debug|x86.Build.0 = Debug|Any CPU
		{CBA6DC8A-612B-46DE-ACF8-53AEA291FF90}.Release|Any CPU.ActiveCfg = Release|Any CPU
		{CBA6DC8A-612B-46DE-ACF8-53AEA291FF90}.Release|Any CPU.Build.0 = Release|Any CPU
		{CBA6DC8A-612B-46DE-ACF8-53AEA291FF90}.Release|x64.ActiveCfg = Release|Any CPU
		{CBA6DC8A-612B-46DE-ACF8-53AEA291FF90}.Release|x64.Build.0 = Release|Any CPU
		{CBA6DC8A-612B-46DE-ACF8-53AEA291FF90}.Release|x86.ActiveCfg = Release|Any CPU
		{CBA6DC8A-612B-46DE-ACF8-53AEA291FF90}.Release|x86.Build.0 = Release|Any CPU
	EndGlobalSection
	GlobalSection(SolutionProperties) = preSolution
		HideSolutionNode = FALSE
	EndGlobalSection
	GlobalSection(NestedProjects) = preSolution
		{94688719-ED94-496F-B04B-F9AB56661B90} = {827E0CD3-B72D-47B6-A68D-7590B98EB39B}
		{0F10D663-9EF8-4D40-AADD-2895EBC1E668} = {827E0CD3-B72D-47B6-A68D-7590B98EB39B}
		{4CB3423A-3D5A-4229-BEF5-2C13E25938F6} = {827E0CD3-B72D-47B6-A68D-7590B98EB39B}
		{CBA6DC8A-612B-46DE-ACF8-53AEA291FF90} = {0AB3BF05-4346-4AA6-1389-037BE0695223}
	EndGlobalSection
EndGlobal
